
Microsoft Visual Studio Solution File, Format Version 12.00
# Visual Studio Version 16
VisualStudioVersion = 16.0.35731.53
MinimumVisualStudioVersion = 10.0.40219.1
Project("{8BC9CEB8-8B4A-11D0-8D11-00A0C91BC942}") = "gpu_code_2", "gpu_code_2.vcxproj", "{0B740409-5329-4D74-A805-71A70BF571B5}"
EndProject
Global
	GlobalSection(SolutionConfigurationPlatforms) = preSolution
		Debug|x64 = Debug|x64
		Release|x64 = Release|x64
	EndGlobalSection
	GlobalSection(ProjectConfigurationPlatforms) = postSolution
		{0B740409-5329-4D74-A805-71A70BF571B5}.Debug|x64.ActiveCfg = Debug|x64
		{0B740409-5329-4D74-A805-71A70BF571B5}.Debug|x64.Build.0 = Debug|x64
		{0B740409-5329-4D74-A805-71A70BF571B5}.Release|x64.ActiveCfg = Release|x64
		{0B740409-5329-4D74-A805-71A70BF571B5}.Release|x64.Build.0 = Release|x64
	EndGlobalSection
	GlobalSection(SolutionProperties) = preSolution
		HideSolutionNode = FALSE
	EndGlobalSection
	GlobalSection(ExtensibilityGlobals) = postSolution
		SolutionGuid = {8FA033ED-8C94-47F1-B22F-BE95706C4117}
	EndGlobalSection
EndGlobal
